
Microsoft Visual Studio Solution File, Format Version 12.00
# Visual Studio Version 17
VisualStudioVersion = 17.10.35013.160
MinimumVisualStudioVersion = 10.0.40219.1
Project("{9A19103F-16F7-4668-BE54-9A1E7A4F7556}") = "OWASPContactManager", "OWASPContactManager.csproj", "{C75FBB3C-A904-4C5B-A9DF-F152436D5CCF}"
EndProject
Global
	GlobalSection(SolutionConfigurationPlatforms) = preSolution
		Debug|Any CPU = Debug|Any CPU
		Release|Any CPU = Release|Any CPU
	EndGlobalSection
	GlobalSection(ProjectConfigurationPlatforms) = postSolution
		{C75FBB3C-A904-4C5B-A9DF-F152436D5CCF}.Debug|Any CPU.ActiveCfg = Debug|Any CPU
		{C75FBB3C-A904-4C5B-A9DF-F152436D5CCF}.Debug|Any CPU.Build.0 = Debug|Any CPU
		{C75FBB3C-A904-4C5B-A9DF-F152436D5CCF}.Release|Any CPU.ActiveCfg = Release|Any CPU
		{C75FBB3C-A904-4C5B-A9DF-F152436D5CCF}.Release|Any CPU.Build.0 = Release|Any CPU
	EndGlobalSection
	GlobalSection(SolutionProperties) = preSolution
		HideSolutionNode = FALSE
	EndGlobalSection
	GlobalSection(ExtensibilityGlobals) = postSolution
		SolutionGuid = {56AF490F-0678-44F1-9FD7-B698D8B5FB12}
	EndGlobalSection
EndGlobal
